
Microsoft Visual Studio Solution File, Format Version 12.00
# Visual Studio Version 16
VisualStudioVersion = 16.0.29613.14
MinimumVisualStudioVersion = 10.0.40219.1
Project("{FAE04EC0-301F-11D3-BF4B-00C04F79EFBC}") = "TEST", "TEST\TEST.csproj", "{C41489B2-5AAB-42D6-B24D-DA0878EB7185}"
EndProject
Global
	GlobalSection(SolutionConfigurationPlatforms) = preSolution
		Debug|Any CPU = Debug|Any CPU
		Release|Any CPU = Release|Any CPU
	EndGlobalSection
	GlobalSection(ProjectConfigurationPlatforms) = postSolution
		{C41489B2-5AAB-42D6-B24D-DA0878EB7185}.Debug|Any CPU.ActiveCfg = Debug|Any CPU
		{C41489B2-5AAB-42D6-B24D-DA0878EB7185}.Debug|Any CPU.Build.0 = Debug|Any CPU
		{C41489B2-5AAB-42D6-B24D-DA0878EB7185}.Release|Any CPU.ActiveCfg = Release|Any CPU
		{C41489B2-5AAB-42D6-B24D-DA0878EB7185}.Release|Any CPU.Build.0 = Release|Any CPU
	EndGlobalSection
	GlobalSection(SolutionProperties) = preSolution
		HideSolutionNode = FALSE
	EndGlobalSection
	GlobalSection(ExtensibilityGlobals) = postSolution
		SolutionGuid = {132FF9B5-1AE8-463B-BA92-C4046E479C40}
	EndGlobalSection
EndGlobal
